
Microsoft Visual Studio Solution File, Format Version 12.00
# Visual Studio Version 16
VisualStudioVersion = 16.0.31112.23
MinimumVisualStudioVersion = 10.0.40219.1
Project("{2150E333-8FDC-42A3-9474-1A3956D46DE8}") = "Chapter02", "Chapter02", "{ECE8AE8F-6E5D-4150-8C84-AADC262604B7}"
EndProject
Project("{FAE04EC0-301F-11D3-BF4B-00C04F79EFBC}") = "DistanceConverter", "DistanceConverter\DistanceConverter.csproj", "{A158EB43-F67C-4EE5-9D11-1B60C3F6E56D}"
EndProject
Project("{FAE04EC0-301F-11D3-BF4B-00C04F79EFBC}") = "SalesCalculator", "SalesCalculator\SalesCalculator.csproj", "{F72660A3-8D63-4403-8DB1-71E41DA20305}"
EndProject
Project("{FAE04EC0-301F-11D3-BF4B-00C04F79EFBC}") = "Exercise1", "Exercise1\Exercise1.csproj", "{5A1A0AE5-E938-4A65-AE67-1A5F9FB1F059}"
EndProject
Project("{2150E333-8FDC-42A3-9474-1A3956D46DE8}") = "Exercise", "Exercise", "{8C0A3B50-16B1-49C4-9D2A-5B6CEAC5B902}"
EndProject
Project("{FAE04EC0-301F-11D3-BF4B-00C04F79EFBC}") = "Exercise2", "Exercise2\Exercise2.csproj", "{260D62B1-ACBC-47A9-B4FC-7EC864A1D586}"
EndProject
Project("{FAE04EC0-301F-11D3-BF4B-00C04F79EFBC}") = "Exercise3", "Exercise3\Exercise3.csproj", "{30FBA943-2866-4121-8F3E-AA7ED430B08F}"
EndProject
Project("{2150E333-8FDC-42A3-9474-1A3956D46DE8}") = "Chapter03", "Chapter03", "{40F74AA3-81C3-4FDA-8E61-CFE91F8D26E6}"
EndProject
Project("{FAE04EC0-301F-11D3-BF4B-00C04F79EFBC}") = "Section01", "Section01\Section01.csproj", "{E23F9D6F-7E9B-46D3-AB21-1F3074EB728B}"
EndProject
Project("{FAE04EC0-301F-11D3-BF4B-00C04F79EFBC}") = "Section01", "Chapter04\Section01\Section01.csproj", "{868C57B8-3100-4669-8100-D65A0764624D}"
EndProject
Project("{2150E333-8FDC-42A3-9474-1A3956D46DE8}") = "Chapter04", "Chapter04", "{06D616AC-BA7A-48C6-9836-5A6578451821}"
EndProject
Project("{FAE04EC0-301F-11D3-BF4B-00C04F79EFBC}") = "Exercise1", "Chapter04\Exercise\Exercise1\Exercise1.csproj", "{F2E9170B-7944-43F0-A0AF-945788D4D6E5}"
EndProject
Project("{2150E333-8FDC-42A3-9474-1A3956D46DE8}") = "Exercise", "Exercise", "{433FB38C-0661-41F8-ABC3-CFE2C352BBC3}"
EndProject
Project("{FAE04EC0-301F-11D3-BF4B-00C04F79EFBC}") = "Execise2", "Chapter04\Exercise\Execise2\Execise2.csproj", "{7FB13138-1AC0-42D4-83C3-B2BF7C59881A}"
EndProject
Project("{FAE04EC0-301F-11D3-BF4B-00C04F79EFBC}") = "Exercise1", "Chapter05\Exercise1\Exercise1.csproj", "{71BF9EBE-FA21-41B2-994F-DC7769AB1259}"
EndProject
Project("{2150E333-8FDC-42A3-9474-1A3956D46DE8}") = "Chapter05", "Chapter05", "{4638CFED-15CF-4A1D-95C6-F1B32EF558EB}"
EndProject
Project("{FAE04EC0-301F-11D3-BF4B-00C04F79EFBC}") = "Test01", "TestProject\Test01\Test01.csproj", "{2BFACDC3-F44D-4199-8498-F5C3C4AC0335}"
EndProject
Project("{FAE04EC0-301F-11D3-BF4B-00C04F79EFBC}") = "Test02", "TestProject\Test02\Test02.csproj", "{E461C0A8-8900-485C-B520-E929BA33F712}"
EndProject
Project("{FAE04EC0-301F-11D3-BF4B-00C04F79EFBC}") = "Exercise2", "Chapter05\Exercise2\Exercise2.csproj", "{ECD9BE27-2ACB-4521-AC08-108CC80C615C}"
EndProject
Project("{FAE04EC0-301F-11D3-BF4B-00C04F79EFBC}") = "Exercise3", "Chapter05\Exercise3\Exercise3.csproj", "{05046699-600D-412E-B725-9B586AF3D7D1}"
EndProject
Project("{FAE04EC0-301F-11D3-BF4B-00C04F79EFBC}") = "Section01", "Chapter06\Section01\Section01.csproj", "{D0EE16FB-F185-4B1D-9D56-6D812486486B}"
EndProject
Project("{2150E333-8FDC-42A3-9474-1A3956D46DE8}") = "Chapter06", "Chapter06", "{4226BA39-E361-4A83-937A-7E90F1138070}"
EndProject
Project("{2150E333-8FDC-42A3-9474-1A3956D46DE8}") = "TextProject", "TextProject", "{EE709FEF-19A2-41FC-8C9B-85A2172954D8}"
EndProject
Project("{FAE04EC0-301F-11D3-BF4B-00C04F79EFBC}") = "Exercise1", "Chapter06\Exercise\Exercise1\Exercise1.csproj", "{A44F0EA8-F021-4FB0-A41B-422C6A3E854B}"
EndProject
Project("{FAE04EC0-301F-11D3-BF4B-00C04F79EFBC}") = "Exercise2", "Chapter06\Exercise2\Exercise2.csproj", "{EED38EC0-9478-4D85-8121-D1C9B20E1B89}"
EndProject
Project("{2150E333-8FDC-42A3-9474-1A3956D46DE8}") = "Chapter07", "Chapter07", "{6F982C7A-B588-4B46-9409-736796D55D28}"
EndProject
Project("{FAE04EC0-301F-11D3-BF4B-00C04F79EFBC}") = "Exercise1", "Chapter07\Exercise1\Exercise1.csproj", "{579D831F-C5C8-4095-BF9B-A8AA3D2E76EA}"
EndProject
Project("{FAE04EC0-301F-11D3-BF4B-00C04F79EFBC}") = "Section03", "Section03\Section03.csproj", "{9666A25E-BC82-487A-A2BF-FF02E7DD010C}"
EndProject
Project("{2150E333-8FDC-42A3-9474-1A3956D46DE8}") = "Chapter08", "Chapter08", "{ABFA6062-5703-4BBF-9376-C74BFA0029D0}"
EndProject
Project("{FAE04EC0-301F-11D3-BF4B-00C04F79EFBC}") = "Exercise1", "Chapter08\Exercise1\Exercise1.csproj", "{1BB66061-48A4-4341-862B-B453F40FE0AF}"
EndProject
Project("{2150E333-8FDC-42A3-9474-1A3956D46DE8}") = "Exercise", "Exercise", "{4132DFE9-0A0F-4C29-8CA9-AACA4A3BD207}"
EndProject
Project("{FAE04EC0-301F-11D3-BF4B-00C04F79EFBC}") = "Exercise1", "Chapter08\Exercise\Exercise1\Exercise1.csproj", "{D1B92497-D559-4F90-95BD-82921F99540D}"
EndProject
Project("{FAE04EC0-301F-11D3-BF4B-00C04F79EFBC}") = "StopWatch", "Chapter08\Exercise\StopWatch\StopWatch.csproj", "{DCDE6DB2-1E38-4FD9-A258-B1875D6A5EC1}"
EndProject
Project("{2150E333-8FDC-42A3-9474-1A3956D46DE8}") = "CarReportSystem", "CarReportSystem", "{2A628920-E2E5-4B32-83E8-404B040FF4F4}"
EndProject
Project("{FAE04EC0-301F-11D3-BF4B-00C04F79EFBC}") = "CarReportSystem", "CarReportSystem\CarReportSystem\CarReportSystem.csproj", "{AE76EE1D-C711-4837-A959-107C9C4E2429}"
EndProject
Project("{FAE04EC0-301F-11D3-BF4B-00C04F79EFBC}") = "Exercise1", "Chapter09\Exercise1\Exercise1.csproj", "{248DCEF0-F48D-4C7A-8401-3DC4284C93AA}"
EndProject
Project("{2150E333-8FDC-42A3-9474-1A3956D46DE8}") = "Chapter09", "Chapter09", "{2F89C34C-48FA-42F3-9A71-A79242504D97}"
EndProject
Project("{FAE04EC0-301F-11D3-BF4B-00C04F79EFBC}") = "Exercise2", "Chapter09\Exercise2\Exercise2.csproj", "{FB939E94-AD5F-4E8B-9BBC-A137F6CF9F0E}"
EndProject
Project("{FAE04EC0-301F-11D3-BF4B-00C04F79EFBC}") = "Exercise3", "Chapter09\Exercise3\Exercise3.csproj", "{C55BD450-A807-457F-B13B-934782EC9971}"
EndProject
Project("{FAE04EC0-301F-11D3-BF4B-00C04F79EFBC}") = "Exercise4", "Chapter09\Exercise4\Exercise4.csproj", "{CE8BB1A6-EF93-4EAD-8F6E-79D11F06ED64}"
EndProject
Project("{FAE04EC0-301F-11D3-BF4B-00C04F79EFBC}") = "Sample0823", "Sample0823\Sample0823.csproj", "{38335BEB-34EC-4538-85F0-6952348D1D0F}"
EndProject
Project("{FAE04EC0-301F-11D3-BF4B-00C04F79EFBC}") = "Section01", "Chapter11\Section01\Section01.csproj", "{E4838005-F785-45A6-97B9-EE57FF1DA504}"
EndProject
Project("{2150E333-8FDC-42A3-9474-1A3956D46DE8}") = "Chapter11", "Chapter11", "{B731A9D4-FAF4-465B-8E2C-5069141AC88B}"
	ProjectSection(SolutionItems) = preProject
		..\..\..\..\Desktop\novelists.xml = ..\..\..\..\Desktop\novelists.xml
	EndProjectSection
EndProject
Project("{FAE04EC0-301F-11D3-BF4B-00C04F79EFBC}") = "Exercise1", "Chapter11\Exercise1\Exercise1.csproj", "{898B29FC-8149-49E9-ADC7-0DD7DE52EECE}"
EndProject
Project("{FAE04EC0-301F-11D3-BF4B-00C04F79EFBC}") = "Section02", "Chapter11\Section02\Section02.csproj", "{8DA7CF41-CBFA-44C4-9A99-1FE9DF802536}"
EndProject
Project("{2150E333-8FDC-42A3-9474-1A3956D46DE8}") = "Chapter14", "Chapter14", "{C0E87316-5314-4270-8B01-57AA70591144}"
EndProject
Project("{FAE04EC0-301F-11D3-BF4B-00C04F79EFBC}") = "Section04", "Chapter14\ConsoleApp1\Section04.csproj", "{15B3B349-0693-4F01-BBA8-15AC8B69575F}"
EndProject
Project("{2150E333-8FDC-42A3-9474-1A3956D46DE8}") = "WeatherApp", "WeatherApp", "{F819C683-43A3-4088-8E53-37EC2C7FCC92}"
EndProject
Project("{FAE04EC0-301F-11D3-BF4B-00C04F79EFBC}") = "WeatherApp", "WeatherApp\WeatherApp\WeatherApp.csproj", "{F70FD7FB-D79A-41BD-B6B8-EAFB7CFAEBBB}"
EndProject
Global
	GlobalSection(SolutionConfigurationPlatforms) = preSolution
		Debug|Any CPU = Debug|Any CPU
		Release|Any CPU = Release|Any CPU
	EndGlobalSection
	GlobalSection(ProjectConfigurationPlatforms) = postSolution
		{A158EB43-F67C-4EE5-9D11-1B60C3F6E56D}.Debug|Any CPU.ActiveCfg = Debug|Any CPU
		{A158EB43-F67C-4EE5-9D11-1B60C3F6E56D}.Debug|Any CPU.Build.0 = Debug|Any CPU
		{A158EB43-F67C-4EE5-9D11-1B60C3F6E56D}.Release|Any CPU.ActiveCfg = Release|Any CPU
		{A158EB43-F67C-4EE5-9D11-1B60C3F6E56D}.Release|Any CPU.Build.0 = Release|Any CPU
		{F72660A3-8D63-4403-8DB1-71E41DA20305}.Debug|Any CPU.ActiveCfg = Debug|Any CPU
		{F72660A3-8D63-4403-8DB1-71E41DA20305}.Debug|Any CPU.Build.0 = Debug|Any CPU
		{F72660A3-8D63-4403-8DB1-71E41DA20305}.Release|Any CPU.ActiveCfg = Release|Any CPU
		{F72660A3-8D63-4403-8DB1-71E41DA20305}.Release|Any CPU.Build.0 = Release|Any CPU
		{5A1A0AE5-E938-4A65-AE67-1A5F9FB1F059}.Debug|Any CPU.ActiveCfg = Debug|Any CPU
		{5A1A0AE5-E938-4A65-AE67-1A5F9FB1F059}.Debug|Any CPU.Build.0 = Debug|Any CPU
		{5A1A0AE5-E938-4A65-AE67-1A5F9FB1F059}.Release|Any CPU.ActiveCfg = Release|Any CPU
		{5A1A0AE5-E938-4A65-AE67-1A5F9FB1F059}.Release|Any CPU.Build.0 = Release|Any CPU
		{260D62B1-ACBC-47A9-B4FC-7EC864A1D586}.Debug|Any CPU.ActiveCfg = Debug|Any CPU
		{260D62B1-ACBC-47A9-B4FC-7EC864A1D586}.Debug|Any CPU.Build.0 = Debug|Any CPU
		{260D62B1-ACBC-47A9-B4FC-7EC864A1D586}.Release|Any CPU.ActiveCfg = Release|Any CPU
		{260D62B1-ACBC-47A9-B4FC-7EC864A1D586}.Release|Any CPU.Build.0 = Release|Any CPU
		{30FBA943-2866-4121-8F3E-AA7ED430B08F}.Debug|Any CPU.ActiveCfg = Debug|Any CPU
		{30FBA943-2866-4121-8F3E-AA7ED430B08F}.Debug|Any CPU.Build.0 = Debug|Any CPU
		{30FBA943-2866-4121-8F3E-AA7ED430B08F}.Release|Any CPU.ActiveCfg = Release|Any CPU
		{30FBA943-2866-4121-8F3E-AA7ED430B08F}.Release|Any CPU.Build.0 = Release|Any CPU
		{E23F9D6F-7E9B-46D3-AB21-1F3074EB728B}.Debug|Any CPU.ActiveCfg = Debug|Any CPU
		{E23F9D6F-7E9B-46D3-AB21-1F3074EB728B}.Debug|Any CPU.Build.0 = Debug|Any CPU
		{E23F9D6F-7E9B-46D3-AB21-1F3074EB728B}.Release|Any CPU.ActiveCfg = Release|Any CPU
		{E23F9D6F-7E9B-46D3-AB21-1F3074EB728B}.Release|Any CPU.Build.0 = Release|Any CPU
		{868C57B8-3100-4669-8100-D65A0764624D}.Debug|Any CPU.ActiveCfg = Debug|Any CPU
		{868C57B8-3100-4669-8100-D65A0764624D}.Debug|Any CPU.Build.0 = Debug|Any CPU
		{868C57B8-3100-4669-8100-D65A0764624D}.Release|Any CPU.ActiveCfg = Release|Any CPU
		{868C57B8-3100-4669-8100-D65A0764624D}.Release|Any CPU.Build.0 = Release|Any CPU
		{F2E9170B-7944-43F0-A0AF-945788D4D6E5}.Debug|Any CPU.ActiveCfg = Debug|Any CPU
		{F2E9170B-7944-43F0-A0AF-945788D4D6E5}.Debug|Any CPU.Build.0 = Debug|Any CPU
		{F2E9170B-7944-43F0-A0AF-945788D4D6E5}.Release|Any CPU.ActiveCfg = Release|Any CPU
		{F2E9170B-7944-43F0-A0AF-945788D4D6E5}.Release|Any CPU.Build.0 = Release|Any CPU
		{7FB13138-1AC0-42D4-83C3-B2BF7C59881A}.Debug|Any CPU.ActiveCfg = Debug|Any CPU
		{7FB13138-1AC0-42D4-83C3-B2BF7C59881A}.Debug|Any CPU.Build.0 = Debug|Any CPU
		{7FB13138-1AC0-42D4-83C3-B2BF7C59881A}.Release|Any CPU.ActiveCfg = Release|Any CPU
		{7FB13138-1AC0-42D4-83C3-B2BF7C59881A}.Release|Any CPU.Build.0 = Release|Any CPU
		{71BF9EBE-FA21-41B2-994F-DC7769AB1259}.Debug|Any CPU.ActiveCfg = Debug|Any CPU
		{71BF9EBE-FA21-41B2-994F-DC7769AB1259}.Debug|Any CPU.Build.0 = Debug|Any CPU
		{71BF9EBE-FA21-41B2-994F-DC7769AB1259}.Release|Any CPU.ActiveCfg = Release|Any CPU
		{71BF9EBE-FA21-41B2-994F-DC7769AB1259}.Release|Any CPU.Build.0 = Release|Any CPU
		{2BFACDC3-F44D-4199-8498-F5C3C4AC0335}.Debug|Any CPU.ActiveCfg = Debug|Any CPU
		{2BFACDC3-F44D-4199-8498-F5C3C4AC0335}.Debug|Any CPU.Build.0 = Debug|Any CPU
		{2BFACDC3-F44D-4199-8498-F5C3C4AC0335}.Release|Any CPU.ActiveCfg = Release|Any CPU
		{2BFACDC3-F44D-4199-8498-F5C3C4AC0335}.Release|Any CPU.Build.0 = Release|Any CPU
		{E461C0A8-8900-485C-B520-E929BA33F712}.Debug|Any CPU.ActiveCfg = Debug|Any CPU
		{E461C0A8-8900-485C-B520-E929BA33F712}.Debug|Any CPU.Build.0 = Debug|Any CPU
		{E461C0A8-8900-485C-B520-E929BA33F712}.Release|Any CPU.ActiveCfg = Release|Any CPU
		{E461C0A8-8900-485C-B520-E929BA33F712}.Release|Any CPU.Build.0 = Release|Any CPU
		{ECD9BE27-2ACB-4521-AC08-108CC80C615C}.Debug|Any CPU.ActiveCfg = Debug|Any CPU
		{ECD9BE27-2ACB-4521-AC08-108CC80C615C}.Debug|Any CPU.Build.0 = Debug|Any CPU
		{ECD9BE27-2ACB-4521-AC08-108CC80C615C}.Release|Any CPU.ActiveCfg = Release|Any CPU
		{ECD9BE27-2ACB-4521-AC08-108CC80C615C}.Release|Any CPU.Build.0 = Release|Any CPU
		{05046699-600D-412E-B725-9B586AF3D7D1}.Debug|Any CPU.ActiveCfg = Debug|Any CPU
		{05046699-600D-412E-B725-9B586AF3D7D1}.Debug|Any CPU.Build.0 = Debug|Any CPU
		{05046699-600D-412E-B725-9B586AF3D7D1}.Release|Any CPU.ActiveCfg = Release|Any CPU
		{05046699-600D-412E-B725-9B586AF3D7D1}.Release|Any CPU.Build.0 = Release|Any CPU
		{D0EE16FB-F185-4B1D-9D56-6D812486486B}.Debug|Any CPU.ActiveCfg = Debug|Any CPU
		{D0EE16FB-F185-4B1D-9D56-6D812486486B}.Debug|Any CPU.Build.0 = Debug|Any CPU
		{D0EE16FB-F185-4B1D-9D56-6D812486486B}.Release|Any CPU.ActiveCfg = Release|Any CPU
		{D0EE16FB-F185-4B1D-9D56-6D812486486B}.Release|Any CPU.Build.0 = Release|Any CPU
		{A44F0EA8-F021-4FB0-A41B-422C6A3E854B}.Debug|Any CPU.ActiveCfg = Debug|Any CPU
		{A44F0EA8-F021-4FB0-A41B-422C6A3E854B}.Debug|Any CPU.Build.0 = Debug|Any CPU
		{A44F0EA8-F021-4FB0-A41B-422C6A3E854B}.Release|Any CPU.ActiveCfg = Release|Any CPU
		{A44F0EA8-F021-4FB0-A41B-422C6A3E854B}.Release|Any CPU.Build.0 = Release|Any CPU
		{EED38EC0-9478-4D85-8121-D1C9B20E1B89}.Debug|Any CPU.ActiveCfg = Debug|Any CPU
		{EED38EC0-9478-4D85-8121-D1C9B20E1B89}.Debug|Any CPU.Build.0 = Debug|Any CPU
		{EED38EC0-9478-4D85-8121-D1C9B20E1B89}.Release|Any CPU.ActiveCfg = Release|Any CPU
		{EED38EC0-9478-4D85-8121-D1C9B20E1B89}.Release|Any CPU.Build.0 = Release|Any CPU
		{579D831F-C5C8-4095-BF9B-A8AA3D2E76EA}.Debug|Any CPU.ActiveCfg = Debug|Any CPU
		{579D831F-C5C8-4095-BF9B-A8AA3D2E76EA}.Debug|Any CPU.Build.0 = Debug|Any CPU
		{579D831F-C5C8-4095-BF9B-A8AA3D2E76EA}.Release|Any CPU.ActiveCfg = Release|Any CPU
		{579D831F-C5C8-4095-BF9B-A8AA3D2E76EA}.Release|Any CPU.Build.0 = Release|Any CPU
		{9666A25E-BC82-487A-A2BF-FF02E7DD010C}.Debug|Any CPU.ActiveCfg = Debug|Any CPU
		{9666A25E-BC82-487A-A2BF-FF02E7DD010C}.Debug|Any CPU.Build.0 = Debug|Any CPU
		{9666A25E-BC82-487A-A2BF-FF02E7DD010C}.Release|Any CPU.ActiveCfg = Release|Any CPU
		{9666A25E-BC82-487A-A2BF-FF02E7DD010C}.Release|Any CPU.Build.0 = Release|Any CPU
		{1BB66061-48A4-4341-862B-B453F40FE0AF}.Debug|Any CPU.ActiveCfg = Debug|Any CPU
		{1BB66061-48A4-4341-862B-B453F40FE0AF}.Debug|Any CPU.Build.0 = Debug|Any CPU
		{1BB66061-48A4-4341-862B-B453F40FE0AF}.Release|Any CPU.ActiveCfg = Release|Any CPU
		{1BB66061-48A4-4341-862B-B453F40FE0AF}.Release|Any CPU.Build.0 = Release|Any CPU
		{D1B92497-D559-4F90-95BD-82921F99540D}.Debug|Any CPU.ActiveCfg = Debug|Any CPU
		{D1B92497-D559-4F90-95BD-82921F99540D}.Debug|Any CPU.Build.0 = Debug|Any CPU
		{D1B92497-D559-4F90-95BD-82921F99540D}.Release|Any CPU.ActiveCfg = Release|Any CPU
		{D1B92497-D559-4F90-95BD-82921F99540D}.Release|Any CPU.Build.0 = Release|Any CPU
		{DCDE6DB2-1E38-4FD9-A258-B1875D6A5EC1}.Debug|Any CPU.ActiveCfg = Debug|Any CPU
		{DCDE6DB2-1E38-4FD9-A258-B1875D6A5EC1}.Debug|Any CPU.Build.0 = Debug|Any CPU
		{DCDE6DB2-1E38-4FD9-A258-B1875D6A5EC1}.Release|Any CPU.ActiveCfg = Release|Any CPU
		{DCDE6DB2-1E38-4FD9-A258-B1875D6A5EC1}.Release|Any CPU.Build.0 = Release|Any CPU
		{AE76EE1D-C711-4837-A959-107C9C4E2429}.Debug|Any CPU.ActiveCfg = Debug|Any CPU
		{AE76EE1D-C711-4837-A959-107C9C4E2429}.Debug|Any CPU.Build.0 = Debug|Any CPU
		{AE76EE1D-C711-4837-A959-107C9C4E2429}.Release|Any CPU.ActiveCfg = Release|Any CPU
		{AE76EE1D-C711-4837-A959-107C9C4E2429}.Release|Any CPU.Build.0 = Release|Any CPU
		{248DCEF0-F48D-4C7A-8401-3DC4284C93AA}.Debug|Any CPU.ActiveCfg = Debug|Any CPU
		{248DCEF0-F48D-4C7A-8401-3DC4284C93AA}.Debug|Any CPU.Build.0 = Debug|Any CPU
		{248DCEF0-F48D-4C7A-8401-3DC4284C93AA}.Release|Any CPU.ActiveCfg = Release|Any CPU
		{248DCEF0-F48D-4C7A-8401-3DC4284C93AA}.Release|Any CPU.Build.0 = Release|Any CPU
		{FB939E94-AD5F-4E8B-9BBC-A137F6CF9F0E}.Debug|Any CPU.ActiveCfg = Debug|Any CPU
		{FB939E94-AD5F-4E8B-9BBC-A137F6CF9F0E}.Debug|Any CPU.Build.0 = Debug|Any CPU
		{FB939E94-AD5F-4E8B-9BBC-A137F6CF9F0E}.Release|Any CPU.ActiveCfg = Release|Any CPU
		{FB939E94-AD5F-4E8B-9BBC-A137F6CF9F0E}.Release|Any CPU.Build.0 = Release|Any CPU
		{C55BD450-A807-457F-B13B-934782EC9971}.Debug|Any CPU.ActiveCfg = Debug|Any CPU
		{C55BD450-A807-457F-B13B-934782EC9971}.Debug|Any CPU.Build.0 = Debug|Any CPU
		{C55BD450-A807-457F-B13B-934782EC9971}.Release|Any CPU.ActiveCfg = Release|Any CPU
		{C55BD450-A807-457F-B13B-934782EC9971}.Release|Any CPU.Build.0 = Release|Any CPU
		{CE8BB1A6-EF93-4EAD-8F6E-79D11F06ED64}.Debug|Any CPU.ActiveCfg = Debug|Any CPU
		{CE8BB1A6-EF93-4EAD-8F6E-79D11F06ED64}.Debug|Any CPU.Build.0 = Debug|Any CPU
		{CE8BB1A6-EF93-4EAD-8F6E-79D11F06ED64}.Release|Any CPU.ActiveCfg = Release|Any CPU
		{CE8BB1A6-EF93-4EAD-8F6E-79D11F06ED64}.Release|Any CPU.Build.0 = Release|Any CPU
		{38335BEB-34EC-4538-85F0-6952348D1D0F}.Debug|Any CPU.ActiveCfg = Debug|Any CPU
		{38335BEB-34EC-4538-85F0-6952348D1D0F}.Debug|Any CPU.Build.0 = Debug|Any CPU
		{38335BEB-34EC-4538-85F0-6952348D1D0F}.Release|Any CPU.ActiveCfg = Release|Any CPU
		{38335BEB-34EC-4538-85F0-6952348D1D0F}.Release|Any CPU.Build.0 = Release|Any CPU
		{E4838005-F785-45A6-97B9-EE57FF1DA504}.Debug|Any CPU.ActiveCfg = Debug|Any CPU
		{E4838005-F785-45A6-97B9-EE57FF1DA504}.Debug|Any CPU.Build.0 = Debug|Any CPU
		{E4838005-F785-45A6-97B9-EE57FF1DA504}.Release|Any CPU.ActiveCfg = Release|Any CPU
		{E4838005-F785-45A6-97B9-EE57FF1DA504}.Release|Any CPU.Build.0 = Release|Any CPU
		{898B29FC-8149-49E9-ADC7-0DD7DE52EECE}.Debug|Any CPU.ActiveCfg = Debug|Any CPU
		{898B29FC-8149-49E9-ADC7-0DD7DE52EECE}.Debug|Any CPU.Build.0 = Debug|Any CPU
		{898B29FC-8149-49E9-ADC7-0DD7DE52EECE}.Release|Any CPU.ActiveCfg = Release|Any CPU
		{898B29FC-8149-49E9-ADC7-0DD7DE52EECE}.Release|Any CPU.Build.0 = Release|Any CPU
		{8DA7CF41-CBFA-44C4-9A99-1FE9DF802536}.Debug|Any CPU.ActiveCfg = Debug|Any CPU
		{8DA7CF41-CBFA-44C4-9A99-1FE9DF802536}.Debug|Any CPU.Build.0 = Debug|Any CPU
		{8DA7CF41-CBFA-44C4-9A99-1FE9DF802536}.Release|Any CPU.ActiveCfg = Release|Any CPU
		{8DA7CF41-CBFA-44C4-9A99-1FE9DF802536}.Release|Any CPU.Build.0 = Release|Any CPU
		{15B3B349-0693-4F01-BBA8-15AC8B69575F}.Debug|Any CPU.ActiveCfg = Debug|Any CPU
		{15B3B349-0693-4F01-BBA8-15AC8B69575F}.Debug|Any CPU.Build.0 = Debug|Any CPU
		{15B3B349-0693-4F01-BBA8-15AC8B69575F}.Release|Any CPU.ActiveCfg = Release|Any CPU
		{15B3B349-0693-4F01-BBA8-15AC8B69575F}.Release|Any CPU.Build.0 = Release|Any CPU
		{F70FD7FB-D79A-41BD-B6B8-EAFB7CFAEBBB}.Debug|Any CPU.ActiveCfg = Debug|Any CPU
		{F70FD7FB-D79A-41BD-B6B8-EAFB7CFAEBBB}.Debug|Any CPU.Build.0 = Debug|Any CPU
		{F70FD7FB-D79A-41BD-B6B8-EAFB7CFAEBBB}.Release|Any CPU.ActiveCfg = Release|Any CPU
		{F70FD7FB-D79A-41BD-B6B8-EAFB7CFAEBBB}.Release|Any CPU.Build.0 = Release|Any CPU
	EndGlobalSection
	GlobalSection(SolutionProperties) = preSolution
		HideSolutionNode = FALSE
	EndGlobalSection
	GlobalSection(NestedProjects) = preSolution
		{A158EB43-F67C-4EE5-9D11-1B60C3F6E56D} = {ECE8AE8F-6E5D-4150-8C84-AADC262604B7}
		{F72660A3-8D63-4403-8DB1-71E41DA20305} = {ECE8AE8F-6E5D-4150-8C84-AADC262604B7}
		{5A1A0AE5-E938-4A65-AE67-1A5F9FB1F059} = {8C0A3B50-16B1-49C4-9D2A-5B6CEAC5B902}
		{8C0A3B50-16B1-49C4-9D2A-5B6CEAC5B902} = {ECE8AE8F-6E5D-4150-8C84-AADC262604B7}
		{260D62B1-ACBC-47A9-B4FC-7EC864A1D586} = {8C0A3B50-16B1-49C4-9D2A-5B6CEAC5B902}
		{30FBA943-2866-4121-8F3E-AA7ED430B08F} = {8C0A3B50-16B1-49C4-9D2A-5B6CEAC5B902}
		{E23F9D6F-7E9B-46D3-AB21-1F3074EB728B} = {40F74AA3-81C3-4FDA-8E61-CFE91F8D26E6}
		{868C57B8-3100-4669-8100-D65A0764624D} = {06D616AC-BA7A-48C6-9836-5A6578451821}
		{F2E9170B-7944-43F0-A0AF-945788D4D6E5} = {433FB38C-0661-41F8-ABC3-CFE2C352BBC3}
		{433FB38C-0661-41F8-ABC3-CFE2C352BBC3} = {06D616AC-BA7A-48C6-9836-5A6578451821}
		{7FB13138-1AC0-42D4-83C3-B2BF7C59881A} = {433FB38C-0661-41F8-ABC3-CFE2C352BBC3}
		{71BF9EBE-FA21-41B2-994F-DC7769AB1259} = {4638CFED-15CF-4A1D-95C6-F1B32EF558EB}
		{2BFACDC3-F44D-4199-8498-F5C3C4AC0335} = {EE709FEF-19A2-41FC-8C9B-85A2172954D8}
		{E461C0A8-8900-485C-B520-E929BA33F712} = {EE709FEF-19A2-41FC-8C9B-85A2172954D8}
		{ECD9BE27-2ACB-4521-AC08-108CC80C615C} = {4638CFED-15CF-4A1D-95C6-F1B32EF558EB}
		{05046699-600D-412E-B725-9B586AF3D7D1} = {4638CFED-15CF-4A1D-95C6-F1B32EF558EB}
		{D0EE16FB-F185-4B1D-9D56-6D812486486B} = {4226BA39-E361-4A83-937A-7E90F1138070}
		{A44F0EA8-F021-4FB0-A41B-422C6A3E854B} = {4226BA39-E361-4A83-937A-7E90F1138070}
		{EED38EC0-9478-4D85-8121-D1C9B20E1B89} = {4226BA39-E361-4A83-937A-7E90F1138070}
		{579D831F-C5C8-4095-BF9B-A8AA3D2E76EA} = {6F982C7A-B588-4B46-9409-736796D55D28}
		{9666A25E-BC82-487A-A2BF-FF02E7DD010C} = {6F982C7A-B588-4B46-9409-736796D55D28}
		{1BB66061-48A4-4341-862B-B453F40FE0AF} = {ABFA6062-5703-4BBF-9376-C74BFA0029D0}
		{4132DFE9-0A0F-4C29-8CA9-AACA4A3BD207} = {ABFA6062-5703-4BBF-9376-C74BFA0029D0}
		{D1B92497-D559-4F90-95BD-82921F99540D} = {4132DFE9-0A0F-4C29-8CA9-AACA4A3BD207}
		{DCDE6DB2-1E38-4FD9-A258-B1875D6A5EC1} = {4132DFE9-0A0F-4C29-8CA9-AACA4A3BD207}
		{AE76EE1D-C711-4837-A959-107C9C4E2429} = {2A628920-E2E5-4B32-83E8-404B040FF4F4}
		{248DCEF0-F48D-4C7A-8401-3DC4284C93AA} = {2F89C34C-48FA-42F3-9A71-A79242504D97}
		{FB939E94-AD5F-4E8B-9BBC-A137F6CF9F0E} = {2F89C34C-48FA-42F3-9A71-A79242504D97}
		{C55BD450-A807-457F-B13B-934782EC9971} = {2F89C34C-48FA-42F3-9A71-A79242504D97}
		{CE8BB1A6-EF93-4EAD-8F6E-79D11F06ED64} = {2F89C34C-48FA-42F3-9A71-A79242504D97}
		{E4838005-F785-45A6-97B9-EE57FF1DA504} = {B731A9D4-FAF4-465B-8E2C-5069141AC88B}
		{898B29FC-8149-49E9-ADC7-0DD7DE52EECE} = {B731A9D4-FAF4-465B-8E2C-5069141AC88B}
		{8DA7CF41-CBFA-44C4-9A99-1FE9DF802536} = {B731A9D4-FAF4-465B-8E2C-5069141AC88B}
		{15B3B349-0693-4F01-BBA8-15AC8B69575F} = {C0E87316-5314-4270-8B01-57AA70591144}
		{F70FD7FB-D79A-41BD-B6B8-EAFB7CFAEBBB} = {F819C683-43A3-4088-8E53-37EC2C7FCC92}
	EndGlobalSection
	GlobalSection(ExtensibilityGlobals) = postSolution
		SolutionGuid = {CFD54708-3E78-47B2-B302-5A0FC0B200C4}
	EndGlobalSection
EndGlobal
